
Microsoft Visual Studio Solution File, Format Version 12.00
Project("{FAE04EC0-301F-11D3-BF4B-00C04F79EFBC}") = "AdventOfCode2024", "AdventOfCode2024\AdventOfCode2024.csproj", "{2A05E17D-418C-4148-8A29-51C13B3B1B45}"
EndProject
Project("{FAE04EC0-301F-11D3-BF4B-00C04F79EFBC}") = "AdventOfCode2024Tests", "AdventOfCode2024Tests\AdventOfCode2024Tests.csproj", "{7FDCDE8B-E096-41A1-912D-6BEDE6BFA794}"
EndProject
Global
	GlobalSection(SolutionConfigurationPlatforms) = preSolution
		Debug|Any CPU = Debug|Any CPU
		Release|Any CPU = Release|Any CPU
	EndGlobalSection
	GlobalSection(ProjectConfigurationPlatforms) = postSolution
		{2A05E17D-418C-4148-8A29-51C13B3B1B45}.Debug|Any CPU.ActiveCfg = Debug|Any CPU
		{2A05E17D-418C-4148-8A29-51C13B3B1B45}.Debug|Any CPU.Build.0 = Debug|Any CPU
		{2A05E17D-418C-4148-8A29-51C13B3B1B45}.Release|Any CPU.ActiveCfg = Release|Any CPU
		{2A05E17D-418C-4148-8A29-51C13B3B1B45}.Release|Any CPU.Build.0 = Release|Any CPU
		{7FDCDE8B-E096-41A1-912D-6BEDE6BFA794}.Debug|Any CPU.ActiveCfg = Debug|Any CPU
		{7FDCDE8B-E096-41A1-912D-6BEDE6BFA794}.Debug|Any CPU.Build.0 = Debug|Any CPU
		{7FDCDE8B-E096-41A1-912D-6BEDE6BFA794}.Release|Any CPU.ActiveCfg = Release|Any CPU
		{7FDCDE8B-E096-41A1-912D-6BEDE6BFA794}.Release|Any CPU.Build.0 = Release|Any CPU
	EndGlobalSection
EndGlobal
